// !$*UTF8*$!
{
	archiveVersion = 1;
	classes = {
	};
	objectVersion = 50;
	objects = {

/* Begin PBXBuildFile section */
		94D29A6E20AF349A00FFF265 /* AppDelegate.swift in Sources */ = {isa = PBXBuildFile; fileRef = 94D29A6D20AF349A00FFF265 /* AppDelegate.swift */; };
		94D29A7020AF349A00FFF265 /* ViewController.swift in Sources */ = {isa = PBXBuildFile; fileRef = 94D29A6F20AF349A00FFF265 /* ViewController.swift */; };
		94D29A7320AF349A00FFF265 /* Main.storyboard in Resources */ = {isa = PBXBuildFile; fileRef = 94D29A7120AF349A00FFF265 /* Main.storyboard */; };
		94D29A7520AF349C00FFF265 /* Assets.xcassets in Resources */ = {isa = PBXBuildFile; fileRef = 94D29A7420AF349C00FFF265 /* Assets.xcassets */; };
		94D29A7820AF349C00FFF265 /* LaunchScreen.storyboard in Resources */ = {isa = PBXBuildFile; fileRef = 94D29A7620AF349C00FFF265 /* LaunchScreen.storyboard */; };
		94D29A8220AF35FC00FFF265 /* Constant.swift in Sources */ = {isa = PBXBuildFile; fileRef = 94D29A8120AF35FC00FFF265 /* Constant.swift */; };
		94D29A8620AF3EA500FFF265 /* DataManager.swift in Sources */ = {isa = PBXBuildFile; fileRef = 94D29A8520AF3EA500FFF265 /* DataManager.swift */; };
		94D29A8920AF405B00FFF265 /* Location.swift in Sources */ = {isa = PBXBuildFile; fileRef = 94D29A8820AF405B00FFF265 /* Location.swift */; };
		94D29A8B20AF40C000FFF265 /* WeatherData.swift in Sources */ = {isa = PBXBuildFile; fileRef = 94D29A8A20AF40C000FFF265 /* WeatherData.swift */; };
		94F9B43920AFBECB00DCA740 /* Extensions.swift in Sources */ = {isa = PBXBuildFile; fileRef = 94F9B43820AFBECB00DCA740 /* Extensions.swift */; };
		94F9B43B20AFBFC000DCA740 /* UserDefaults.swift in Sources */ = {isa = PBXBuildFile; fileRef = 94F9B43A20AFBFC000DCA740 /* UserDefaults.swift */; };
		94F9B43E20AFCA0200DCA740 /* WeatherCell.swift in Sources */ = {isa = PBXBuildFile; fileRef = 94F9B43D20AFCA0200DCA740 /* WeatherCell.swift */; };
		94F9B44020AFCDFD00DCA740 /* WeekWeatherData.swift in Sources */ = {isa = PBXBuildFile; fileRef = 94F9B43F20AFCDFD00DCA740 /* WeekWeatherData.swift */; };
/* End PBXBuildFile section */

/* Begin PBXFileReference section */
		94D29A6A20AF349A00FFF265 /* WeatherApp.app */ = {isa = PBXFileReference; explicitFileType = wrapper.application; includeInIndex = 0; path = WeatherApp.app; sourceTree = BUILT_PRODUCTS_DIR; };
		94D29A6D20AF349A00FFF265 /* AppDelegate.swift */ = {isa = PBXFileReference; lastKnownFileType = sourcecode.swift; path = AppDelegate.swift; sourceTree = "<group>"; };
		94D29A6F20AF349A00FFF265 /* ViewController.swift */ = {isa = PBXFileReference; lastKnownFileType = sourcecode.swift; path = ViewController.swift; sourceTree = "<group>"; };
		94D29A7220AF349A00FFF265 /* Base */ = {isa = PBXFileReference; lastKnownFileType = file.storyboard; name = Base; path = Base.lproj/Main.storyboard; sourceTree = "<group>"; };
		94D29A7420AF349C00FFF265 /* Assets.xcassets */ = {isa = PBXFileReference; lastKnownFileType = folder.assetcatalog; path = Assets.xcassets; sourceTree = "<group>"; };
		94D29A7720AF349C00FFF265 /* Base */ = {isa = PBXFileReference; lastKnownFileType = file.storyboard; name = Base; path = Base.lproj/LaunchScreen.storyboard; sourceTree = "<group>"; };
		94D29A7920AF349C00FFF265 /* Info.plist */ = {isa = PBXFileReference; lastKnownFileType = text.plist.xml; path = Info.plist; sourceTree = "<group>"; };
		94D29A8120AF35FC00FFF265 /* Constant.swift */ = {isa = PBXFileReference; lastKnownFileType = sourcecode.swift; path = Constant.swift; sourceTree = "<group>"; };
		94D29A8520AF3EA500FFF265 /* DataManager.swift */ = {isa = PBXFileReference; lastKnownFileType = sourcecode.swift; path = DataManager.swift; sourceTree = "<group>"; };
		94D29A8820AF405B00FFF265 /* Location.swift */ = {isa = PBXFileReference; lastKnownFileType = sourcecode.swift; path = Location.swift; sourceTree = "<group>"; };
		94D29A8A20AF40C000FFF265 /* WeatherData.swift */ = {isa = PBXFileReference; lastKnownFileType = sourcecode.swift; path = WeatherData.swift; sourceTree = "<group>"; };
		94F9B43820AFBECB00DCA740 /* Extensions.swift */ = {isa = PBXFileReference; lastKnownFileType = sourcecode.swift; path = Extensions.swift; sourceTree = "<group>"; };
		94F9B43A20AFBFC000DCA740 /* UserDefaults.swift */ = {isa = PBXFileReference; lastKnownFileType = sourcecode.swift; path = UserDefaults.swift; sourceTree = "<group>"; };
		94F9B43D20AFCA0200DCA740 /* WeatherCell.swift */ = {isa = PBXFileReference; lastKnownFileType = sourcecode.swift; path = WeatherCell.swift; sourceTree = "<group>"; };
		94F9B43F20AFCDFD00DCA740 /* WeekWeatherData.swift */ = {isa = PBXFileReference; lastKnownFileType = sourcecode.swift; path = WeekWeatherData.swift; sourceTree = "<group>"; };
/* End PBXFileReference section */

/* Begin PBXFrameworksBuildPhase section */
		94D29A6720AF349A00FFF265 /* Frameworks */ = {
			isa = PBXFrameworksBuildPhase;
			buildActionMask = 2147483647;
			files = (
			);
			runOnlyForDeploymentPostprocessing = 0;
		};
/* End PBXFrameworksBuildPhase section */

/* Begin PBXGroup section */
		94D29A6120AF349A00FFF265 = {
			isa = PBXGroup;
			children = (
				94D29A6C20AF349A00FFF265 /* WeatherApp */,
				94D29A6B20AF349A00FFF265 /* Products */,
			);
			sourceTree = "<group>";
		};
		94D29A6B20AF349A00FFF265 /* Products */ = {
			isa = PBXGroup;
			children = (
				94D29A6A20AF349A00FFF265 /* WeatherApp.app */,
			);
			name = Products;
			sourceTree = "<group>";
		};
		94D29A6C20AF349A00FFF265 /* WeatherApp */ = {
			isa = PBXGroup;
			children = (
				94F9B43C20AFC9D300DCA740 /* View */,
				94D29A8C20AF410000FFF265 /* Protocol */,
				94D29A8720AF402A00FFF265 /* Model */,
				94D29A8020AF35EC00FFF265 /* Utils */,
				94D29A7F20AF35DD00FFF265 /* Service */,
				94D29A6D20AF349A00FFF265 /* AppDelegate.swift */,
				94D29A6F20AF349A00FFF265 /* ViewController.swift */,
				94D29A7120AF349A00FFF265 /* Main.storyboard */,
				94D29A7420AF349C00FFF265 /* Assets.xcassets */,
				94D29A7620AF349C00FFF265 /* LaunchScreen.storyboard */,
				94D29A7920AF349C00FFF265 /* Info.plist */,
			);
			path = WeatherApp;
			sourceTree = "<group>";
		};
		94D29A7F20AF35DD00FFF265 /* Service */ = {
			isa = PBXGroup;
			children = (
				94D29A8520AF3EA500FFF265 /* DataManager.swift */,
			);
			path = Service;
			sourceTree = "<group>";
		};
		94D29A8020AF35EC00FFF265 /* Utils */ = {
			isa = PBXGroup;
			children = (
				94D29A8120AF35FC00FFF265 /* Constant.swift */,
				94F9B43820AFBECB00DCA740 /* Extensions.swift */,
				94F9B43A20AFBFC000DCA740 /* UserDefaults.swift */,
			);
			path = Utils;
			sourceTree = "<group>";
		};
		94D29A8720AF402A00FFF265 /* Model */ = {
			isa = PBXGroup;
			children = (
				94F9B43F20AFCDFD00DCA740 /* WeekWeatherData.swift */,
				94D29A8820AF405B00FFF265 /* Location.swift */,
				94D29A8A20AF40C000FFF265 /* WeatherData.swift */,
			);
			path = Model;
			sourceTree = "<group>";
		};
		94D29A8C20AF410000FFF265 /* Protocol */ = {
			isa = PBXGroup;
			children = (
			);
			path = Protocol;
			sourceTree = "<group>";
		};
		94F9B43C20AFC9D300DCA740 /* View */ = {
			isa = PBXGroup;
			children = (
				94F9B43D20AFCA0200DCA740 /* WeatherCell.swift */,
			);
			path = View;
			sourceTree = "<group>";
		};
/* End PBXGroup section */

/* Begin PBXNativeTarget section */
		94D29A6920AF349A00FFF265 /* WeatherApp */ = {
			isa = PBXNativeTarget;
			buildConfigurationList = 94D29A7C20AF349C00FFF265 /* Build configuration list for PBXNativeTarget "WeatherApp" */;
			buildPhases = (
				94D29A6620AF349A00FFF265 /* Sources */,
				94D29A6720AF349A00FFF265 /* Frameworks */,
				94D29A6820AF349A00FFF265 /* Resources */,
			);
			buildRules = (
			);
			dependencies = (
			);
			name = WeatherApp;
			productName = WeatherApp;
			productReference = 94D29A6A20AF349A00FFF265 /* WeatherApp.app */;
			productType = "com.apple.product-type.application";
		};
/* End PBXNativeTarget section */

/* Begin PBXProject section */
		94D29A6220AF349A00FFF265 /* Project object */ = {
			isa = PBXProject;
			attributes = {
				LastSwiftUpdateCheck = 0930;
				LastUpgradeCheck = 0930;
				ORGANIZATIONNAME = SimpuMind;
				TargetAttributes = {
					94D29A6920AF349A00FFF265 = {
						CreatedOnToolsVersion = 9.3.1;
					};
				};
			};
			buildConfigurationList = 94D29A6520AF349A00FFF265 /* Build configuration list for PBXProject "WeatherApp" */;
			compatibilityVersion = "Xcode 9.3";
			developmentRegion = en;
			hasScannedForEncodings = 0;
			knownRegions = (
				en,
				Base,
			);
			mainGroup = 94D29A6120AF349A00FFF265;
			productRefGroup = 94D29A6B20AF349A00FFF265 /* Products */;
			projectDirPath = "";
			projectRoot = "";
			targets = (
				94D29A6920AF349A00FFF265 /* WeatherApp */,
			);
		};
/* End PBXProject section */

/* Begin PBXResourcesBuildPhase section */
		94D29A6820AF349A00FFF265 /* Resources */ = {
			isa = PBXResourcesBuildPhase;
			buildActionMask = 2147483647;
			files = (
				94D29A7820AF349C00FFF265 /* LaunchScreen.storyboard in Resources */,
				94D29A7520AF349C00FFF265 /* Assets.xcassets in Resources */,
				94D29A7320AF349A00FFF265 /* Main.storyboard in Resources */,
			);
			runOnlyForDeploymentPostprocessing = 0;
		};
/* End PBXResourcesBuildPhase section */

/* Begin PBXSourcesBuildPhase section */
		94D29A6620AF349A00FFF265 /* Sources */ = {
			isa = PBXSourcesBuildPhase;
			buildActionMask = 2147483647;
			files = (
				94F9B44020AFCDFD00DCA740 /* WeekWeatherData.swift in Sources */,
				94D29A7020AF349A00FFF265 /* ViewController.swift in Sources */,
				94D29A8620AF3EA500FFF265 /* DataManager.swift in Sources */,
				94F9B43E20AFCA0200DCA740 /* WeatherCell.swift in Sources */,
				94D29A8B20AF40C000FFF265 /* WeatherData.swift in Sources */,
				94D29A6E20AF349A00FFF265 /* AppDelegate.swift in Sources */,
				94F9B43B20AFBFC000DCA740 /* UserDefaults.swift in Sources */,
				94D29A8920AF405B00FFF265 /* Location.swift in Sources */,
				94D29A8220AF35FC00FFF265 /* Constant.swift in Sources */,
				94F9B43920AFBECB00DCA740 /* Extensions.swift in Sources */,
			);
			runOnlyForDeploymentPostprocessing = 0;
		};
/* End PBXSourcesBuildPhase section */

/* Begin PBXVariantGroup section */
		94D29A7120AF349A00FFF265 /* Main.storyboard */ = {
			isa = PBXVariantGroup;
			children = (
				94D29A7220AF349A00FFF265 /* Base */,
			);
			name = Main.storyboard;
			sourceTree = "<group>";
		};
		94D29A7620AF349C00FFF265 /* LaunchScreen.storyboard */ = {
			isa = PBXVariantGroup;
			children = (
				94D29A7720AF349C00FFF265 /* Base */,
			);
			name = LaunchScreen.storyboard;
			sourceTree = "<group>";
		};
/* End PBXVariantGroup section */

/* Begin XCBuildConfiguration section */
		94D29A7A20AF349C00FFF265 /* Debug */ = {
			isa = XCBuildConfiguration;
			buildSettings = {
				ALWAYS_SEARCH_USER_PATHS = NO;
				CLANG_ANALYZER_NONNULL = YES;
				CLANG_ANALYZER_NUMBER_OBJECT_CONVERSION = YES_AGGRESSIVE;
				CLANG_CXX_LANGUAGE_STANDARD = "gnu++14";
				CLANG_CXX_LIBRARY = "libc++";
				CLANG_ENABLE_MODULES = YES;
				CLANG_ENABLE_OBJC_ARC = YES;
				CLANG_ENABLE_OBJC_WEAK = YES;
				CLANG_WARN_BLOCK_CAPTURE_AUTORELEASING = YES;
				CLANG_WARN_BOOL_CONVERSION = YES;
				CLANG_WARN_COMMA = YES;
				CLANG_WARN_CONSTANT_CONVERSION = YES;
				CLANG_WARN_DEPRECATED_OBJC_IMPLEMENTATIONS = YES;
				CLANG_WARN_DIRECT_OBJC_ISA_USAGE = YES_ERROR;
				CLANG_WARN_DOCUMENTATION_COMMENTS = YES;
				CLANG_WARN_EMPTY_BODY = YES;
				CLANG_WARN_ENUM_CONVERSION = YES;
				CLANG_WARN_INFINITE_RECURSION = YES;
				CLANG_WARN_INT_CONVERSION = YES;
				CLANG_WARN_NON_LITERAL_NULL_CONVERSION = YES;
				CLANG_WARN_OBJC_IMPLICIT_RETAIN_SELF = YES;
				CLANG_WARN_OBJC_LITERAL_CONVERSION = YES;
				CLANG_WARN_OBJC_ROOT_CLASS = YES_ERROR;
				CLANG_WARN_RANGE_LOOP_ANALYSIS = YES;
				CLANG_WARN_STRICT_PROTOTYPES = YES;
				CLANG_WARN_SUSPICIOUS_MOVE = YES;
				CLANG_WARN_UNGUARDED_AVAILABILITY = YES_AGGRESSIVE;
				CLANG_WARN_UNREACHABLE_CODE = YES;
				CLANG_WARN__DUPLICATE_METHOD_MATCH = YES;
				CODE_SIGN_IDENTITY = "iPhone Developer";
				COPY_PHASE_STRIP = NO;
				DEBUG_INFORMATION_FORMAT = dwarf;
				ENABLE_STRICT_OBJC_MSGSEND = YES;
				ENABLE_TESTABILITY = YES;
				GCC_C_LANGUAGE_STANDARD = gnu11;
				GCC_DYNAMIC_NO_PIC = NO;
				GCC_NO_COMMON_BLOCKS = YES;
				GCC_OPTIMIZATION_LEVEL = 0;
				GCC_PREPROCESSOR_DEFINITIONS = (
					"DEBUG=1",
					"$(inherited)",
				);
				GCC_WARN_64_TO_32_BIT_CONVERSION = YES;
				GCC_WARN_ABOUT_RETURN_TYPE = YES_ERROR;
				GCC_WARN_UNDECLARED_SELECTOR = YES;
				GCC_WARN_UNINITIALIZED_AUTOS = YES_AGGRESSIVE;
				GCC_WARN_UNUSED_FUNCTION = YES;
				GCC_WARN_UNUSED_VARIABLE = YES;
				IPHONEOS_DEPLOYMENT_TARGET = 11.3;
				MTL_ENABLE_DEBUG_INFO = YES;
				ONLY_ACTIVE_ARCH = YES;
				SDKROOT = iphoneos;
				SWIFT_ACTIVE_COMPILATION_CONDITIONS = DEBUG;
				SWIFT_OPTIMIZATION_LEVEL = "-Onone";
			};
			name = Debug;
		};
		94D29A7B20AF349C00FFF265 /* Release */ = {
			isa = XCBuildConfiguration;
			buildSettings = {
				ALWAYS_SEARCH_USER_PATHS = NO;
				CLANG_ANALYZER_NONNULL = YES;
				CLANG_ANALYZER_NUMBER_OBJECT_CONVERSION = YES_AGGRESSIVE;
				CLANG_CXX_LANGUAGE_STANDARD = "gnu++14";
				CLANG_CXX_LIBRARY = "libc++";
				CLANG_ENABLE_MODULES = YES;
				CLANG_ENABLE_OBJC_ARC = YES;
				CLANG_ENABLE_OBJC_WEAK = YES;
				CLANG_WARN_BLOCK_CAPTURE_AUTORELEASING = YES;
				CLANG_WARN_BOOL_CONVERSION = YES;
				CLANG_WARN_COMMA = YES;
				CLANG_WARN_CONSTANT_CONVERSION = YES;
				CLANG_WARN_DEPRECATED_OBJC_IMPLEMENTATIONS = YES;
				CLANG_WARN_DIRECT_OBJC_ISA_USAGE = YES_ERROR;
				CLANG_WARN_DOCUMENTATION_COMMENTS = YES;
				CLANG_WARN_EMPTY_BODY = YES;
				CLANG_WARN_ENUM_CONVERSION = YES;
				CLANG_WARN_INFINITE_RECURSION = YES;
				CLANG_WARN_INT_CONVERSION = YES;
				CLANG_WARN_NON_LITERAL_NULL_CONVERSION = YES;
				CLANG_WARN_OBJC_IMPLICIT_RETAIN_SELF = YES;
				CLANG_WARN_OBJC_LITERAL_CONVERSION = YES;
				CLANG_WARN_OBJC_ROOT_CLASS = YES_ERROR;
				CLANG_WARN_RANGE_LOOP_ANALYSIS = YES;
				CLANG_WARN_STRICT_PROTOTYPES = YES;
				CLANG_WARN_SUSPICIOUS_MOVE = YES;
				CLANG_WARN_UNGUARDED_AVAILABILITY = YES_AGGRESSIVE;
				CLANG_WARN_UNREACHABLE_CODE = YES;
				CLANG_WARN__DUPLICATE_METHOD_MATCH = YES;
				CODE_SIGN_IDENTITY = "iPhone Developer";
				COPY_PHASE_STRIP = NO;
				DEBUG_INFORMATION_FORMAT = "dwarf-with-dsym";
				ENABLE_NS_ASSERTIONS = NO;
				ENABLE_STRICT_OBJC_MSGSEND = YES;
				GCC_C_LANGUAGE_STANDARD = gnu11;
				GCC_NO_COMMON_BLOCKS = YES;
				GCC_WARN_64_TO_32_BIT_CONVERSION = YES;
				GCC_WARN_ABOUT_RETURN_TYPE = YES_ERROR;
				GCC_WARN_UNDECLARED_SELECTOR = YES;
				GCC_WARN_UNINITIALIZED_AUTOS = YES_AGGRESSIVE;
				GCC_WARN_UNUSED_FUNCTION = YES;
				GCC_WARN_UNUSED_VARIABLE = YES;
				IPHONEOS_DEPLOYMENT_TARGET = 11.3;
				MTL_ENABLE_DEBUG_INFO = NO;
				SDKROOT = iphoneos;
				SWIFT_COMPILATION_MODE = wholemodule;
				SWIFT_OPTIMIZATION_LEVEL = "-O";
				VALIDATE_PRODUCT = YES;
			};
			name = Release;
		};
		94D29A7D20AF349C00FFF265 /* Debug */ = {
			isa = XCBuildConfiguration;
			buildSettings = {
				ASSETCATALOG_COMPILER_APPICON_NAME = AppIcon;
				CODE_SIGN_STYLE = Automatic;
				DEVELOPMENT_TEAM = NS5XW2Q4P8;
				INFOPLIST_FILE = WeatherApp/Info.plist;
				IPHONEOS_DEPLOYMENT_TARGET = 10.3;
				LD_RUNPATH_SEARCH_PATHS = (
					"$(inherited)",
					"@executable_path/Frameworks",
				);
				PRODUCT_BUNDLE_IDENTIFIER = com.simpumind.WeatherApp;
				PRODUCT_NAME = "$(TARGET_NAME)";
				SWIFT_VERSION = 4.0;
				TARGETED_DEVICE_FAMILY = "1,2";
			};
			name = Debug;
		};
		94D29A7E20AF349C00FFF265 /* Release */ = {
			isa = XCBuildConfiguration;
			buildSettings = {
				ASSETCATALOG_COMPILER_APPICON_NAME = AppIcon;
				CODE_SIGN_STYLE = Automatic;
				DEVELOPMENT_TEAM = NS5XW2Q4P8;
				INFOPLIST_FILE = WeatherApp/Info.plist;
				IPHONEOS_DEPLOYMENT_TARGET = 10.3;
				LD_RUNPATH_SEARCH_PATHS = (
					"$(inherited)",
					"@executable_path/Frameworks",
				);
				PRODUCT_BUNDLE_IDENTIFIER = com.simpumind.WeatherApp;
				PRODUCT_NAME = "$(TARGET_NAME)";
				SWIFT_VERSION = 4.0;
				TARGETED_DEVICE_FAMILY = "1,2";
			};
			name = Release;
		};
/* End XCBuildConfiguration section */

/* Begin XCConfigurationList section */
		94D29A6520AF349A00FFF265 /* Build configuration list for PBXProject "WeatherApp" */ = {
			isa = XCConfigurationList;
			buildConfigurations = (
				94D29A7A20AF349C00FFF265 /* Debug */,
				94D29A7B20AF349C00FFF265 /* Release */,
			);
			defaultConfigurationIsVisible = 0;
			defaultConfigurationName = Release;
		};
		94D29A7C20AF349C00FFF265 /* Build configuration list for PBXNativeTarget "WeatherApp" */ = {
			isa = XCConfigurationList;
			buildConfigurations = (
				94D29A7D20AF349C00FFF265 /* Debug */,
				94D29A7E20AF349C00FFF265 /* Release */,
			);
			defaultConfigurationIsVisible = 0;
			defaultConfigurationName = Release;
		};
/* End XCConfigurationList section */
	};
	rootObject = 94D29A6220AF349A00FFF265 /* Project object */;
}
